<?xml version="1.0" encoding="UTF-8" standalone="yes" ?>
<CodeBlocks_project_file>
	<FileVersion major="1" minor="6" />
	<Project>
		<Option title="game" />
		<Option pch_mode="2" />
		<Option compiler="gcc" />
		<Build>
			<Target title="Debug">
				<Option output="bin/Debug/game" prefix_auto="1" extension_auto="1" />
				<Option object_output="obj/Debug/" />
				<Option type="1" />
				<Option compiler="gcc" />
				<Compiler>
					<Add option="-g" />
					<Add directory="include" />
					<Add directory="include/tiles" />
				</Compiler>
				<Linker>
					<Add library="lib\liballegro_dialog-5.0.9-mt-debug.a" />
					<Add library="lib\liballegro_font-5.0.9-mt-debug.a" />
					<Add library="lib\liballegro_image-5.0.9-mt-debug.a" />
					<Add library="lib\liballegro_ttf-5.0.9-mt-debug.a" />
					<Add library="lib\liballegro-5.0.9-mt-debug.a" />
				</Linker>
			</Target>
			<Target title="Release">
				<Option output="bin/Release/game" prefix_auto="1" extension_auto="1" />
				<Option object_output="obj/Release/" />
				<Option type="1" />
				<Option compiler="gcc" />
				<Compiler>
					<Add option="-O2" />
					<Add directory="include" />
					<Add directory="include/tiles" />
				</Compiler>
				<Linker>
					<Add option="-s" />
				</Linker>
			</Target>
		</Build>
		<Compiler>
			<Add option="-Wall" />
			<Add option="-fexceptions" />
		</Compiler>
		<Linker>
			<Add library="lib\lua5.1.lib" />
		</Linker>
		<Unit filename="geometry/Geometry.h">
			<Option target="Release" />
		</Unit>
		<Unit filename="geometry/Noise.h">
			<Option target="Release" />
		</Unit>
		<Unit filename="geometry/include/CellNoise.h">
			<Option target="Release" />
		</Unit>
		<Unit filename="geometry/include/Circle.h">
			<Option target="Release" />
		</Unit>
		<Unit filename="geometry/include/Cuboid.h">
			<Option target="Release" />
		</Unit>
		<Unit filename="geometry/include/Cylinder.h">
			<Option target="Release" />
		</Unit>
		<Unit filename="geometry/include/Intersections.h">
			<Option target="Release" />
		</Unit>
		<Unit filename="geometry/include/LineSegment.h">
			<Option target="Release" />
		</Unit>
		<Unit filename="geometry/include/Mesh.h">
			<Option target="Release" />
		</Unit>
		<Unit filename="geometry/include/Polygon.h">
			<Option target="Release" />
		</Unit>
		<Unit filename="geometry/include/Rectangle.h">
			<Option target="Release" />
		</Unit>
		<Unit filename="geometry/include/Shape.h">
			<Option target="Release" />
		</Unit>
		<Unit filename="geometry/include/Shape2.h">
			<Option target="Release" />
		</Unit>
		<Unit filename="geometry/include/SimplexNoise.h">
			<Option target="Release" />
		</Unit>
		<Unit filename="geometry/include/Triangle.h">
			<Option target="Release" />
		</Unit>
		<Unit filename="geometry/include/Vec2.h">
			<Option target="Release" />
		</Unit>
		<Unit filename="geometry/include/Vec3.h">
			<Option target="Release" />
		</Unit>
		<Unit filename="geometry/src/CellNoise.cpp">
			<Option target="Release" />
		</Unit>
		<Unit filename="geometry/src/Circle.cpp">
			<Option target="Release" />
		</Unit>
		<Unit filename="geometry/src/Cuboid.cpp">
			<Option target="Release" />
		</Unit>
		<Unit filename="geometry/src/Cylinder.cpp">
			<Option target="Release" />
		</Unit>
		<Unit filename="geometry/src/Intersections.cpp">
			<Option target="Release" />
		</Unit>
		<Unit filename="geometry/src/LineSegment.cpp">
			<Option target="Release" />
		</Unit>
		<Unit filename="geometry/src/Mesh.cpp">
			<Option target="Release" />
		</Unit>
		<Unit filename="geometry/src/Polygon.cpp">
			<Option target="Release" />
		</Unit>
		<Unit filename="geometry/src/Rectangle.cpp">
			<Option target="Release" />
		</Unit>
		<Unit filename="geometry/src/Shape.cpp">
			<Option target="Release" />
		</Unit>
		<Unit filename="geometry/src/Shape2.cpp">
			<Option target="Release" />
		</Unit>
		<Unit filename="geometry/src/SimplexNoise.cpp">
			<Option target="Release" />
		</Unit>
		<Unit filename="geometry/src/Triangle.cpp">
			<Option target="Release" />
		</Unit>
		<Unit filename="geometry/src/Vec2.cpp">
			<Option target="Release" />
		</Unit>
		<Unit filename="geometry/src/Vec3.cpp">
			<Option target="Release" />
		</Unit>
		<Unit filename="include/Array2.h" />
		<Unit filename="include/Assets.h">
			<Option target="Release" />
		</Unit>
		<Unit filename="include/Configuration.h">
			<Option target="Release" />
		</Unit>
		<Unit filename="include/Root.h">
			<Option target="Release" />
		</Unit>
		<Unit filename="include/SpritesheetDatabase.h">
			<Option target="Release" />
		</Unit>
		<Unit filename="include/TileDatabase.h">
			<Option target="Release" />
		</Unit>
		<Unit filename="include/World.h" />
		<Unit filename="include/tiles/BasicSolidTile.h" />
		<Unit filename="include/tiles/StaticTileData.h">
			<Option target="Release" />
		</Unit>
		<Unit filename="include/tiles/Tile.h">
			<Option target="Release" />
		</Unit>
		<Unit filename="luatables/luatables.cc" />
		<Unit filename="main.cpp" />
		<Unit filename="src/Array2.cpp" />
		<Unit filename="src/Assets.cpp" />
		<Unit filename="src/Configuration.cpp" />
		<Unit filename="src/Root.cpp" />
		<Unit filename="src/SpritesheetDatabase.cpp" />
		<Unit filename="src/TileDatabase.cpp" />
		<Unit filename="src/World.cpp" />
		<Unit filename="src/tiles/BasicSolidTile.cpp" />
		<Unit filename="src/tiles/StaticTileData.cpp" />
		<Unit filename="src/tiles/Tile.cpp" />
		<Extensions>
			<code_completion />
			<envvars />
			<debugger />
			<lib_finder disable_auto="1" />
		</Extensions>
	</Project>
</CodeBlocks_project_file>
